// !$*UTF8*$!
{
	archiveVersion = 1;
	classes = {
	};
	objectVersion = 52;
	objects = {

/* Begin PBXAggregateTarget section */
		"Tinydux::TinyduxPackageTests::ProductTarget" /* TinyduxPackageTests */ = {
			isa = PBXAggregateTarget;
			buildConfigurationList = OBJ_40 /* Build configuration list for PBXAggregateTarget "TinyduxPackageTests" */;
			buildPhases = (
			);
			dependencies = (
				OBJ_43 /* PBXTargetDependency */,
			);
			name = TinyduxPackageTests;
			productName = TinyduxPackageTests;
		};
/* End PBXAggregateTarget section */

/* Begin PBXBuildFile section */
		4E7286752621BFA900298CDF /* Context.swift in Sources */ = {isa = PBXBuildFile; fileRef = 4E7286742621BFA900298CDF /* Context.swift */; };
		4EE416CD262087D8009F6317 /* PromisesTestHelpers in Frameworks */ = {isa = PBXBuildFile; productRef = 4EE416CC262087D8009F6317 /* PromisesTestHelpers */; };
		4EE416CF262087D8009F6317 /* Promises in Frameworks */ = {isa = PBXBuildFile; productRef = 4EE416CE262087D8009F6317 /* Promises */; };
		4EE416D1262087D8009F6317 /* FBLPromises in Frameworks */ = {isa = PBXBuildFile; productRef = 4EE416D0262087D8009F6317 /* FBLPromises */; };
		4EE416D3262087D8009F6317 /* FBLPromisesTestHelpers in Frameworks */ = {isa = PBXBuildFile; productRef = 4EE416D2262087D8009F6317 /* FBLPromisesTestHelpers */; };
		4EE416E926209286009F6317 /* Action.swift in Sources */ = {isa = PBXBuildFile; fileRef = 4EE416E826209286009F6317 /* Action.swift */; };
		4EE416F4262095C6009F6317 /* Counter.swift in Sources */ = {isa = PBXBuildFile; fileRef = 4EE416F3262095C6009F6317 /* Counter.swift */; };
		4EE416FA2620A122009F6317 /* StoreError.swift in Sources */ = {isa = PBXBuildFile; fileRef = 4EE416F92620A122009F6317 /* StoreError.swift */; };
		OBJ_28 /* Async.swift in Sources */ = {isa = PBXBuildFile; fileRef = OBJ_9 /* Async.swift */; };
		OBJ_29 /* Job.swift in Sources */ = {isa = PBXBuildFile; fileRef = OBJ_10 /* Job.swift */; };
		OBJ_30 /* State.swift in Sources */ = {isa = PBXBuildFile; fileRef = OBJ_11 /* State.swift */; };
		OBJ_31 /* Store.swift in Sources */ = {isa = PBXBuildFile; fileRef = OBJ_12 /* Store.swift */; };
		OBJ_38 /* Package.swift in Sources */ = {isa = PBXBuildFile; fileRef = OBJ_6 /* Package.swift */; };
		OBJ_49 /* TinyduxTests.swift in Sources */ = {isa = PBXBuildFile; fileRef = OBJ_15 /* TinyduxTests.swift */; };
		OBJ_50 /* XCTestManifests.swift in Sources */ = {isa = PBXBuildFile; fileRef = OBJ_16 /* XCTestManifests.swift */; };
		OBJ_52 /* Tinydux.framework in Frameworks */ = {isa = PBXBuildFile; fileRef = "Tinydux::Tinydux::Product" /* Tinydux.framework */; };
/* End PBXBuildFile section */

/* Begin PBXContainerItemProxy section */
		4EE416BC262086BB009F6317 /* PBXContainerItemProxy */ = {
			isa = PBXContainerItemProxy;
			containerPortal = OBJ_1 /* Project object */;
			proxyType = 1;
			remoteGlobalIDString = "Tinydux::Tinydux";
			remoteInfo = Tinydux;
		};
		4EE416BF262086BB009F6317 /* PBXContainerItemProxy */ = {
			isa = PBXContainerItemProxy;
			containerPortal = OBJ_1 /* Project object */;
			proxyType = 1;
			remoteGlobalIDString = "Tinydux::TinyduxTests";
			remoteInfo = TinyduxTests;
		};
/* End PBXContainerItemProxy section */

/* Begin PBXFileReference section */
		4E7286742621BFA900298CDF /* Context.swift */ = {isa = PBXFileReference; lastKnownFileType = sourcecode.swift; path = Context.swift; sourceTree = "<group>"; };
		4EE416E826209286009F6317 /* Action.swift */ = {isa = PBXFileReference; lastKnownFileType = sourcecode.swift; path = Action.swift; sourceTree = "<group>"; };
		4EE416F3262095C6009F6317 /* Counter.swift */ = {isa = PBXFileReference; lastKnownFileType = sourcecode.swift; path = Counter.swift; sourceTree = "<group>"; };
		4EE416F92620A122009F6317 /* StoreError.swift */ = {isa = PBXFileReference; lastKnownFileType = sourcecode.swift; path = StoreError.swift; sourceTree = "<group>"; };
		OBJ_10 /* Job.swift */ = {isa = PBXFileReference; lastKnownFileType = sourcecode.swift; path = Job.swift; sourceTree = "<group>"; };
		OBJ_11 /* State.swift */ = {isa = PBXFileReference; lastKnownFileType = sourcecode.swift; path = State.swift; sourceTree = "<group>"; };
		OBJ_12 /* Store.swift */ = {isa = PBXFileReference; lastKnownFileType = sourcecode.swift; path = Store.swift; sourceTree = "<group>"; };
		OBJ_15 /* TinyduxTests.swift */ = {isa = PBXFileReference; lastKnownFileType = sourcecode.swift; path = TinyduxTests.swift; sourceTree = "<group>"; };
		OBJ_16 /* XCTestManifests.swift */ = {isa = PBXFileReference; lastKnownFileType = sourcecode.swift; path = XCTestManifests.swift; sourceTree = "<group>"; };
		OBJ_20 /* Example */ = {isa = PBXFileReference; lastKnownFileType = folder; path = Example; sourceTree = SOURCE_ROOT; };
		OBJ_21 /* LICENSE */ = {isa = PBXFileReference; lastKnownFileType = text; path = LICENSE; sourceTree = "<group>"; };
		OBJ_22 /* README.md */ = {isa = PBXFileReference; lastKnownFileType = net.daringfireball.markdown; path = README.md; sourceTree = "<group>"; };
		OBJ_6 /* Package.swift */ = {isa = PBXFileReference; explicitFileType = sourcecode.swift; path = Package.swift; sourceTree = "<group>"; };
		OBJ_9 /* Async.swift */ = {isa = PBXFileReference; lastKnownFileType = sourcecode.swift; path = Async.swift; sourceTree = "<group>"; };
		"Tinydux::Tinydux::Product" /* Tinydux.framework */ = {isa = PBXFileReference; explicitFileType = wrapper.framework; path = Tinydux.framework; sourceTree = BUILT_PRODUCTS_DIR; };
		"Tinydux::TinyduxTests::Product" /* TinyduxTests.xctest */ = {isa = PBXFileReference; lastKnownFileType = file; path = TinyduxTests.xctest; sourceTree = BUILT_PRODUCTS_DIR; };
/* End PBXFileReference section */

/* Begin PBXFrameworksBuildPhase section */
		OBJ_32 /* Frameworks */ = {
			isa = PBXFrameworksBuildPhase;
			buildActionMask = 0;
			files = (
				4EE416D1262087D8009F6317 /* FBLPromises in Frameworks */,
				4EE416CF262087D8009F6317 /* Promises in Frameworks */,
				4EE416CD262087D8009F6317 /* PromisesTestHelpers in Frameworks */,
				4EE416D3262087D8009F6317 /* FBLPromisesTestHelpers in Frameworks */,
			);
			runOnlyForDeploymentPostprocessing = 0;
		};
		OBJ_51 /* Frameworks */ = {
			isa = PBXFrameworksBuildPhase;
			buildActionMask = 0;
			files = (
				OBJ_52 /* Tinydux.framework in Frameworks */,
			);
			runOnlyForDeploymentPostprocessing = 0;
		};
/* End PBXFrameworksBuildPhase section */

/* Begin PBXGroup section */
		4EE416F2262095B6009F6317 /* Counter */ = {
			isa = PBXGroup;
			children = (
				4EE416F3262095C6009F6317 /* Counter.swift */,
			);
			path = Counter;
			sourceTree = "<group>";
		};
		OBJ_13 /* Tests */ = {
			isa = PBXGroup;
			children = (
				OBJ_14 /* TinyduxTests */,
			);
			name = Tests;
			sourceTree = SOURCE_ROOT;
		};
		OBJ_14 /* TinyduxTests */ = {
			isa = PBXGroup;
			children = (
				4EE416F2262095B6009F6317 /* Counter */,
				OBJ_15 /* TinyduxTests.swift */,
				OBJ_16 /* XCTestManifests.swift */,
			);
			name = TinyduxTests;
			path = Tests/TinyduxTests;
			sourceTree = SOURCE_ROOT;
		};
		OBJ_17 /* Products */ = {
			isa = PBXGroup;
			children = (
				"Tinydux::TinyduxTests::Product" /* TinyduxTests.xctest */,
				"Tinydux::Tinydux::Product" /* Tinydux.framework */,
			);
			name = Products;
			sourceTree = BUILT_PRODUCTS_DIR;
		};
		OBJ_5 = {
			isa = PBXGroup;
			children = (
				OBJ_6 /* Package.swift */,
				OBJ_7 /* Sources */,
				OBJ_13 /* Tests */,
				OBJ_17 /* Products */,
				OBJ_20 /* Example */,
				OBJ_21 /* LICENSE */,
				OBJ_22 /* README.md */,
			);
			sourceTree = "<group>";
		};
		OBJ_7 /* Sources */ = {
			isa = PBXGroup;
			children = (
				OBJ_8 /* Tinydux */,
			);
			name = Sources;
			sourceTree = SOURCE_ROOT;
		};
		OBJ_8 /* Tinydux */ = {
			isa = PBXGroup;
			children = (
				4EE416E826209286009F6317 /* Action.swift */,
				OBJ_9 /* Async.swift */,
				OBJ_10 /* Job.swift */,
				4EE416F92620A122009F6317 /* StoreError.swift */,
				OBJ_11 /* State.swift */,
				OBJ_12 /* Store.swift */,
				4E7286742621BFA900298CDF /* Context.swift */,
			);
			name = Tinydux;
			path = Sources/Tinydux;
			sourceTree = SOURCE_ROOT;
		};
/* End PBXGroup section */

/* Begin PBXNativeTarget section */
		"Tinydux::SwiftPMPackageDescription" /* TinyduxPackageDescription */ = {
			isa = PBXNativeTarget;
			buildConfigurationList = OBJ_34 /* Build configuration list for PBXNativeTarget "TinyduxPackageDescription" */;
			buildPhases = (
				OBJ_37 /* Sources */,
			);
			buildRules = (
			);
			dependencies = (
			);
			name = TinyduxPackageDescription;
			productName = TinyduxPackageDescription;
			productType = "com.apple.product-type.framework";
		};
		"Tinydux::Tinydux" /* Tinydux */ = {
			isa = PBXNativeTarget;
			buildConfigurationList = OBJ_24 /* Build configuration list for PBXNativeTarget "Tinydux" */;
			buildPhases = (
				OBJ_27 /* Sources */,
				OBJ_32 /* Frameworks */,
			);
			buildRules = (
			);
			dependencies = (
			);
			name = Tinydux;
			packageProductDependencies = (
				4EE416CC262087D8009F6317 /* PromisesTestHelpers */,
				4EE416CE262087D8009F6317 /* Promises */,
				4EE416D0262087D8009F6317 /* FBLPromises */,
				4EE416D2262087D8009F6317 /* FBLPromisesTestHelpers */,
			);
			productName = Tinydux;
			productReference = "Tinydux::Tinydux::Product" /* Tinydux.framework */;
			productType = "com.apple.product-type.framework";
		};
		"Tinydux::TinyduxTests" /* TinyduxTests */ = {
			isa = PBXNativeTarget;
			buildConfigurationList = OBJ_45 /* Build configuration list for PBXNativeTarget "TinyduxTests" */;
			buildPhases = (
				OBJ_48 /* Sources */,
				OBJ_51 /* Frameworks */,
			);
			buildRules = (
			);
			dependencies = (
				OBJ_53 /* PBXTargetDependency */,
			);
			name = TinyduxTests;
			productName = TinyduxTests;
			productReference = "Tinydux::TinyduxTests::Product" /* TinyduxTests.xctest */;
			productType = "com.apple.product-type.bundle.unit-test";
		};
/* End PBXNativeTarget section */

/* Begin PBXProject section */
		OBJ_1 /* Project object */ = {
			isa = PBXProject;
			attributes = {
				LastSwiftMigration = 9999;
				LastUpgradeCheck = 9999;
			};
			buildConfigurationList = OBJ_2 /* Build configuration list for PBXProject "Tinydux" */;
			compatibilityVersion = "Xcode 3.2";
			developmentRegion = en;
			hasScannedForEncodings = 0;
			knownRegions = (
				en,
			);
			mainGroup = OBJ_5;
			packageReferences = (
				4EE416CB262087D8009F6317 /* XCRemoteSwiftPackageReference "promises" */,
			);
			productRefGroup = OBJ_17 /* Products */;
			projectDirPath = "";
			projectRoot = "";
			targets = (
				"Tinydux::Tinydux" /* Tinydux */,
				"Tinydux::SwiftPMPackageDescription" /* TinyduxPackageDescription */,
				"Tinydux::TinyduxPackageTests::ProductTarget" /* TinyduxPackageTests */,
				"Tinydux::TinyduxTests" /* TinyduxTests */,
			);
		};
/* End PBXProject section */

/* Begin PBXSourcesBuildPhase section */
		OBJ_27 /* Sources */ = {
			isa = PBXSourcesBuildPhase;
			buildActionMask = 0;
			files = (
				4EE416FA2620A122009F6317 /* StoreError.swift in Sources */,
				OBJ_28 /* Async.swift in Sources */,
				OBJ_29 /* Job.swift in Sources */,
				4EE416F4262095C6009F6317 /* Counter.swift in Sources */,
				OBJ_30 /* State.swift in Sources */,
				4E7286752621BFA900298CDF /* Context.swift in Sources */,
				4EE416E926209286009F6317 /* Action.swift in Sources */,
				OBJ_31 /* Store.swift in Sources */,
			);
			runOnlyForDeploymentPostprocessing = 0;
		};
		OBJ_37 /* Sources */ = {
			isa = PBXSourcesBuildPhase;
			buildActionMask = 0;
			files = (
				OBJ_38 /* Package.swift in Sources */,
			);
			runOnlyForDeploymentPostprocessing = 0;
		};
		OBJ_48 /* Sources */ = {
			isa = PBXSourcesBuildPhase;
			buildActionMask = 0;
			files = (
				OBJ_49 /* TinyduxTests.swift in Sources */,
				OBJ_50 /* XCTestManifests.swift in Sources */,
			);
			runOnlyForDeploymentPostprocessing = 0;
		};
/* End PBXSourcesBuildPhase section */

/* Begin PBXTargetDependency section */
		OBJ_43 /* PBXTargetDependency */ = {
			isa = PBXTargetDependency;
			target = "Tinydux::TinyduxTests" /* TinyduxTests */;
			targetProxy = 4EE416BF262086BB009F6317 /* PBXContainerItemProxy */;
		};
		OBJ_53 /* PBXTargetDependency */ = {
			isa = PBXTargetDependency;
			target = "Tinydux::Tinydux" /* Tinydux */;
			targetProxy = 4EE416BC262086BB009F6317 /* PBXContainerItemProxy */;
		};
/* End PBXTargetDependency section */

/* Begin XCBuildConfiguration section */
		OBJ_25 /* Debug */ = {
			isa = XCBuildConfiguration;
			buildSettings = {
				ENABLE_TESTABILITY = YES;
				FRAMEWORK_SEARCH_PATHS = (
					"$(inherited)",
					"$(PLATFORM_DIR)/Developer/Library/Frameworks",
				);
				HEADER_SEARCH_PATHS = "$(inherited)";
				INFOPLIST_FILE = Tinydux.xcodeproj/Tinydux_Info.plist;
				IPHONEOS_DEPLOYMENT_TARGET = 13.0;
				LD_RUNPATH_SEARCH_PATHS = (
					"$(inherited)",
					"$(TOOLCHAIN_DIR)/usr/lib/swift/macosx",
				);
				MACOSX_DEPLOYMENT_TARGET = 10.13;
				OTHER_CFLAGS = "$(inherited)";
				OTHER_LDFLAGS = "$(inherited)";
				OTHER_SWIFT_FLAGS = "$(inherited)";
				PRODUCT_BUNDLE_IDENTIFIER = Tinydux;
				PRODUCT_MODULE_NAME = "$(TARGET_NAME:c99extidentifier)";
				PRODUCT_NAME = "$(TARGET_NAME:c99extidentifier)";
				SKIP_INSTALL = YES;
				SWIFT_ACTIVE_COMPILATION_CONDITIONS = "$(inherited)";
				SWIFT_VERSION = 5.0;
				TARGETED_DEVICE_FAMILY = "1,2";
				TARGET_NAME = Tinydux;
				TVOS_DEPLOYMENT_TARGET = 9.0;
				WATCHOS_DEPLOYMENT_TARGET = 2.0;
			};
			name = Debug;
		};
		OBJ_26 /* Release */ = {
			isa = XCBuildConfiguration;
			buildSettings = {
				ENABLE_TESTABILITY = YES;
				FRAMEWORK_SEARCH_PATHS = (
					"$(inherited)",
					"$(PLATFORM_DIR)/Developer/Library/Frameworks",
				);
				HEADER_SEARCH_PATHS = "$(inherited)";
				INFOPLIST_FILE = Tinydux.xcodeproj/Tinydux_Info.plist;
				IPHONEOS_DEPLOYMENT_TARGET = 13.0;
				LD_RUNPATH_SEARCH_PATHS = (
					"$(inherited)",
					"$(TOOLCHAIN_DIR)/usr/lib/swift/macosx",
				);
				MACOSX_DEPLOYMENT_TARGET = 10.13;
				OTHER_CFLAGS = "$(inherited)";
				OTHER_LDFLAGS = "$(inherited)";
				OTHER_SWIFT_FLAGS = "$(inherited)";
				PRODUCT_BUNDLE_IDENTIFIER = Tinydux;
				PRODUCT_MODULE_NAME = "$(TARGET_NAME:c99extidentifier)";
				PRODUCT_NAME = "$(TARGET_NAME:c99extidentifier)";
				SKIP_INSTALL = YES;
				SWIFT_ACTIVE_COMPILATION_CONDITIONS = "$(inherited)";
				SWIFT_VERSION = 5.0;
				TARGETED_DEVICE_FAMILY = "1,2";
				TARGET_NAME = Tinydux;
				TVOS_DEPLOYMENT_TARGET = 9.0;
				WATCHOS_DEPLOYMENT_TARGET = 2.0;
			};
			name = Release;
		};
		OBJ_3 /* Debug */ = {
			isa = XCBuildConfiguration;
			buildSettings = {
				CLANG_ENABLE_OBJC_ARC = YES;
				COMBINE_HIDPI_IMAGES = YES;
				COPY_PHASE_STRIP = NO;
				DEBUG_INFORMATION_FORMAT = dwarf;
				DYLIB_INSTALL_NAME_BASE = "@rpath";
				ENABLE_NS_ASSERTIONS = YES;
				GCC_OPTIMIZATION_LEVEL = 0;
				GCC_PREPROCESSOR_DEFINITIONS = (
					"$(inherited)",
					"SWIFT_PACKAGE=1",
					"DEBUG=1",
				);
				MACOSX_DEPLOYMENT_TARGET = 10.15;
				ONLY_ACTIVE_ARCH = YES;
				OTHER_SWIFT_FLAGS = "$(inherited) -DXcode";
				PRODUCT_NAME = "$(TARGET_NAME)";
				SDKROOT = macosx;
				SUPPORTED_PLATFORMS = "macosx iphoneos iphonesimulator appletvos appletvsimulator watchos watchsimulator";
				SWIFT_ACTIVE_COMPILATION_CONDITIONS = "$(inherited) SWIFT_PACKAGE DEBUG";
				SWIFT_OPTIMIZATION_LEVEL = "-Onone";
				USE_HEADERMAP = NO;
			};
			name = Debug;
		};
		OBJ_35 /* Debug */ = {
			isa = XCBuildConfiguration;
			buildSettings = {
				LD = /usr/bin/true;
				OTHER_SWIFT_FLAGS = "-swift-version 5 -I $(TOOLCHAIN_DIR)/usr/lib/swift/pm/4_2 -sdk /Applications/Xcode.app/Contents/Developer/Platforms/MacOSX.platform/Developer/SDKs/MacOSX11.1.sdk -package-description-version 5.3.0";
				SWIFT_VERSION = 5.0;
			};
			name = Debug;
		};
		OBJ_36 /* Release */ = {
			isa = XCBuildConfiguration;
			buildSettings = {
				LD = /usr/bin/true;
				OTHER_SWIFT_FLAGS = "-swift-version 5 -I $(TOOLCHAIN_DIR)/usr/lib/swift/pm/4_2 -sdk /Applications/Xcode.app/Contents/Developer/Platforms/MacOSX.platform/Developer/SDKs/MacOSX11.1.sdk -package-description-version 5.3.0";
				SWIFT_VERSION = 5.0;
			};
			name = Release;
		};
		OBJ_4 /* Release */ = {
			isa = XCBuildConfiguration;
			buildSettings = {
				CLANG_ENABLE_OBJC_ARC = YES;
				COMBINE_HIDPI_IMAGES = YES;
				COPY_PHASE_STRIP = YES;
				DEBUG_INFORMATION_FORMAT = "dwarf-with-dsym";
				DYLIB_INSTALL_NAME_BASE = "@rpath";
				GCC_OPTIMIZATION_LEVEL = s;
				GCC_PREPROCESSOR_DEFINITIONS = (
					"$(inherited)",
					"SWIFT_PACKAGE=1",
				);
				MACOSX_DEPLOYMENT_TARGET = 10.15;
				OTHER_SWIFT_FLAGS = "$(inherited) -DXcode";
				PRODUCT_NAME = "$(TARGET_NAME)";
				SDKROOT = macosx;
				SUPPORTED_PLATFORMS = "macosx iphoneos iphonesimulator appletvos appletvsimulator watchos watchsimulator";
				SWIFT_ACTIVE_COMPILATION_CONDITIONS = "$(inherited) SWIFT_PACKAGE";
				SWIFT_COMPILATION_MODE = wholemodule;
				SWIFT_OPTIMIZATION_LEVEL = "-O";
				USE_HEADERMAP = NO;
			};
			name = Release;
		};
		OBJ_41 /* Debug */ = {
			isa = XCBuildConfiguration;
			buildSettings = {
			};
			name = Debug;
		};
		OBJ_42 /* Release */ = {
			isa = XCBuildConfiguration;
			buildSettings = {
			};
			name = Release;
		};
		OBJ_46 /* Debug */ = {
			isa = XCBuildConfiguration;
			buildSettings = {
				CLANG_ENABLE_MODULES = YES;
				EMBEDDED_CONTENT_CONTAINS_SWIFT = YES;
				FRAMEWORK_SEARCH_PATHS = (
					"$(inherited)",
					"$(PLATFORM_DIR)/Developer/Library/Frameworks",
				);
				HEADER_SEARCH_PATHS = "$(inherited)";
				INFOPLIST_FILE = Tinydux.xcodeproj/TinyduxTests_Info.plist;
				IPHONEOS_DEPLOYMENT_TARGET = 14.0;
				LD_RUNPATH_SEARCH_PATHS = (
					"$(inherited)",
					"@loader_path/../Frameworks",
					"@loader_path/Frameworks",
				);
				MACOSX_DEPLOYMENT_TARGET = 10.15;
				OTHER_CFLAGS = "$(inherited)";
				OTHER_LDFLAGS = "$(inherited)";
				OTHER_SWIFT_FLAGS = "$(inherited)";
				SWIFT_ACTIVE_COMPILATION_CONDITIONS = "$(inherited)";
				SWIFT_VERSION = 5.0;
				TARGET_NAME = TinyduxTests;
				TVOS_DEPLOYMENT_TARGET = 9.0;
				WATCHOS_DEPLOYMENT_TARGET = 2.0;
			};
			name = Debug;
		};
		OBJ_47 /* Release */ = {
			isa = XCBuildConfiguration;
			buildSettings = {
				CLANG_ENABLE_MODULES = YES;
				EMBEDDED_CONTENT_CONTAINS_SWIFT = YES;
				FRAMEWORK_SEARCH_PATHS = (
					"$(inherited)",
					"$(PLATFORM_DIR)/Developer/Library/Frameworks",
				);
				HEADER_SEARCH_PATHS = "$(inherited)";
				INFOPLIST_FILE = Tinydux.xcodeproj/TinyduxTests_Info.plist;
				IPHONEOS_DEPLOYMENT_TARGET = 14.0;
				LD_RUNPATH_SEARCH_PATHS = (
					"$(inherited)",
					"@loader_path/../Frameworks",
					"@loader_path/Frameworks",
				);
				MACOSX_DEPLOYMENT_TARGET = 10.15;
				OTHER_CFLAGS = "$(inherited)";
				OTHER_LDFLAGS = "$(inherited)";
				OTHER_SWIFT_FLAGS = "$(inherited)";
				SWIFT_ACTIVE_COMPILATION_CONDITIONS = "$(inherited)";
				SWIFT_VERSION = 5.0;
				TARGET_NAME = TinyduxTests;
				TVOS_DEPLOYMENT_TARGET = 9.0;
				WATCHOS_DEPLOYMENT_TARGET = 2.0;
			};
			name = Release;
		};
/* End XCBuildConfiguration section */

/* Begin XCConfigurationList section */
		OBJ_2 /* Build configuration list for PBXProject "Tinydux" */ = {
			isa = XCConfigurationList;
			buildConfigurations = (
				OBJ_3 /* Debug */,
				OBJ_4 /* Release */,
			);
			defaultConfigurationIsVisible = 0;
			defaultConfigurationName = Release;
		};
		OBJ_24 /* Build configuration list for PBXNativeTarget "Tinydux" */ = {
			isa = XCConfigurationList;
			buildConfigurations = (
				OBJ_25 /* Debug */,
				OBJ_26 /* Release */,
			);
			defaultConfigurationIsVisible = 0;
			defaultConfigurationName = Release;
		};
		OBJ_34 /* Build configuration list for PBXNativeTarget "TinyduxPackageDescription" */ = {
			isa = XCConfigurationList;
			buildConfigurations = (
				OBJ_35 /* Debug */,
				OBJ_36 /* Release */,
			);
			defaultConfigurationIsVisible = 0;
			defaultConfigurationName = Release;
		};
		OBJ_40 /* Build configuration list for PBXAggregateTarget "TinyduxPackageTests" */ = {
			isa = XCConfigurationList;
			buildConfigurations = (
				OBJ_41 /* Debug */,
				OBJ_42 /* Release */,
			);
			defaultConfigurationIsVisible = 0;
			defaultConfigurationName = Release;
		};
		OBJ_45 /* Build configuration list for PBXNativeTarget "TinyduxTests" */ = {
			isa = XCConfigurationList;
			buildConfigurations = (
				OBJ_46 /* Debug */,
				OBJ_47 /* Release */,
			);
			defaultConfigurationIsVisible = 0;
			defaultConfigurationName = Release;
		};
/* End XCConfigurationList section */

/* Begin XCRemoteSwiftPackageReference section */
		4EE416CB262087D8009F6317 /* XCRemoteSwiftPackageReference "promises" */ = {
			isa = XCRemoteSwiftPackageReference;
			repositoryURL = "https://github.com/google/promises.git";
			requirement = {
				kind = upToNextMajorVersion;
				minimumVersion = 1.2.12;
			};
		};
/* End XCRemoteSwiftPackageReference section */

/* Begin XCSwiftPackageProductDependency section */
		4EE416CC262087D8009F6317 /* PromisesTestHelpers */ = {
			isa = XCSwiftPackageProductDependency;
			package = 4EE416CB262087D8009F6317 /* XCRemoteSwiftPackageReference "promises" */;
			productName = PromisesTestHelpers;
		};
		4EE416CE262087D8009F6317 /* Promises */ = {
			isa = XCSwiftPackageProductDependency;
			package = 4EE416CB262087D8009F6317 /* XCRemoteSwiftPackageReference "promises" */;
			productName = Promises;
		};
		4EE416D0262087D8009F6317 /* FBLPromises */ = {
			isa = XCSwiftPackageProductDependency;
			package = 4EE416CB262087D8009F6317 /* XCRemoteSwiftPackageReference "promises" */;
			productName = FBLPromises;
		};
		4EE416D2262087D8009F6317 /* FBLPromisesTestHelpers */ = {
			isa = XCSwiftPackageProductDependency;
			package = 4EE416CB262087D8009F6317 /* XCRemoteSwiftPackageReference "promises" */;
			productName = FBLPromisesTestHelpers;
		};
/* End XCSwiftPackageProductDependency section */
	};
	rootObject = OBJ_1 /* Project object */;
}
